// !$*UTF8*$!
{
	archiveVersion = 1;
	classes = {
	};
	objectVersion = 56;
	objects = {

/* Begin PBXBuildFile section */
		7290CDBA2AF31AC000B4B50C /* AppDelegate.swift in Sources */ = {isa = PBXBuildFile; fileRef = 7290CDB92AF31AC000B4B50C /* AppDelegate.swift */; };
		7290CDC02AF31AC000B4B50C /* GameScene.swift in Sources */ = {isa = PBXBuildFile; fileRef = 7290CDBF2AF31AC000B4B50C /* GameScene.swift */; };
		7290CDC22AF31AC000B4B50C /* ViewController.swift in Sources */ = {isa = PBXBuildFile; fileRef = 7290CDC12AF31AC000B4B50C /* ViewController.swift */; };
		7290CDC42AF31AC100B4B50C /* Assets.xcassets in Resources */ = {isa = PBXBuildFile; fileRef = 7290CDC32AF31AC100B4B50C /* Assets.xcassets */; };
		7290CDC72AF31AC100B4B50C /* Main.storyboard in Resources */ = {isa = PBXBuildFile; fileRef = 7290CDC52AF31AC100B4B50C /* Main.storyboard */; };
/* End PBXBuildFile section */

/* Begin PBXFileReference section */
		7290CDB62AF31AC000B4B50C /* pg3.app */ = {isa = PBXFileReference; explicitFileType = wrapper.application; includeInIndex = 0; path = pg3.app; sourceTree = BUILT_PRODUCTS_DIR; };
		7290CDB92AF31AC000B4B50C /* AppDelegate.swift */ = {isa = PBXFileReference; lastKnownFileType = sourcecode.swift; path = AppDelegate.swift; sourceTree = "<group>"; };
		7290CDBF2AF31AC000B4B50C /* GameScene.swift */ = {isa = PBXFileReference; lastKnownFileType = sourcecode.swift; path = GameScene.swift; sourceTree = "<group>"; };
		7290CDC12AF31AC000B4B50C /* ViewController.swift */ = {isa = PBXFileReference; lastKnownFileType = sourcecode.swift; path = ViewController.swift; sourceTree = "<group>"; };
		7290CDC32AF31AC100B4B50C /* Assets.xcassets */ = {isa = PBXFileReference; lastKnownFileType = folder.assetcatalog; path = Assets.xcassets; sourceTree = "<group>"; };
		7290CDC62AF31AC100B4B50C /* Base */ = {isa = PBXFileReference; lastKnownFileType = file.storyboard; name = Base; path = Base.lproj/Main.storyboard; sourceTree = "<group>"; };
		7290CDC82AF31AC100B4B50C /* pg3.entitlements */ = {isa = PBXFileReference; lastKnownFileType = text.plist.entitlements; path = pg3.entitlements; sourceTree = "<group>"; };
		7290CDCF2AF31DA000B4B50C /* tiger-turret.png */ = {isa = PBXFileReference; lastKnownFileType = image.png; path = "tiger-turret.png"; sourceTree = "<group>"; };
		7290CDD02AF31EB200B4B50C /* sherman-hull.png */ = {isa = PBXFileReference; lastKnownFileType = image.png; path = "sherman-hull.png"; sourceTree = "<group>"; };
		7290CDD12AF31EB200B4B50C /* tigert-hull.png */ = {isa = PBXFileReference; lastKnownFileType = image.png; path = "tigert-hull.png"; sourceTree = "<group>"; };
		7290CDD22AF31EB200B4B50C /* map3.png */ = {isa = PBXFileReference; lastKnownFileType = image.png; path = map3.png; sourceTree = "<group>"; };
		7290CDD32AF31EB200B4B50C /* map.png */ = {isa = PBXFileReference; lastKnownFileType = image.png; path = map.png; sourceTree = "<group>"; };
		7290CDD42AF31EB200B4B50C /* sherman-turret.png */ = {isa = PBXFileReference; lastKnownFileType = image.png; path = "sherman-turret.png"; sourceTree = "<group>"; };
		7295B2C82AF48F6F0009A164 /* README.md */ = {isa = PBXFileReference; lastKnownFileType = net.daringfireball.markdown; path = README.md; sourceTree = "<group>"; };
/* End PBXFileReference section */

/* Begin PBXFrameworksBuildPhase section */
		7290CDB32AF31AC000B4B50C /* Frameworks */ = {
			isa = PBXFrameworksBuildPhase;
			buildActionMask = 2147483647;
			files = (
			);
			runOnlyForDeploymentPostprocessing = 0;
		};
/* End PBXFrameworksBuildPhase section */

/* Begin PBXGroup section */
		7290CDAD2AF31AC000B4B50C = {
			isa = PBXGroup;
			children = (
				7295B2C82AF48F6F0009A164 /* README.md */,
				7290CDCE2AF31C1100B4B50C /* imgs */,
				7290CDB82AF31AC000B4B50C /* pg3 */,
				7290CDB72AF31AC000B4B50C /* Products */,
			);
			sourceTree = "<group>";
		};
		7290CDB72AF31AC000B4B50C /* Products */ = {
			isa = PBXGroup;
			children = (
				7290CDB62AF31AC000B4B50C /* pg3.app */,
			);
			name = Products;
			sourceTree = "<group>";
		};
		7290CDB82AF31AC000B4B50C /* pg3 */ = {
			isa = PBXGroup;
			children = (
				7290CDB92AF31AC000B4B50C /* AppDelegate.swift */,
				7290CDBF2AF31AC000B4B50C /* GameScene.swift */,
				7290CDC12AF31AC000B4B50C /* ViewController.swift */,
				7290CDC32AF31AC100B4B50C /* Assets.xcassets */,
				7290CDC52AF31AC100B4B50C /* Main.storyboard */,
				7290CDC82AF31AC100B4B50C /* pg3.entitlements */,
			);
			path = pg3;
			sourceTree = "<group>";
		};
		7290CDCE2AF31C1100B4B50C /* imgs */ = {
			isa = PBXGroup;
			children = (
				7290CDD32AF31EB200B4B50C /* map.png */,
				7290CDD22AF31EB200B4B50C /* map3.png */,
				7290CDD02AF31EB200B4B50C /* sherman-hull.png */,
				7290CDD42AF31EB200B4B50C /* sherman-turret.png */,
				7290CDD12AF31EB200B4B50C /* tigert-hull.png */,
				7290CDCF2AF31DA000B4B50C /* tiger-turret.png */,
			);
			path = imgs;
			sourceTree = "<group>";
		};
/* End PBXGroup section */

/* Begin PBXNativeTarget section */
		7290CDB52AF31AC000B4B50C /* pg3 */ = {
			isa = PBXNativeTarget;
			buildConfigurationList = 7290CDCB2AF31AC100B4B50C /* Build configuration list for PBXNativeTarget "pg3" */;
			buildPhases = (
				7290CDB22AF31AC000B4B50C /* Sources */,
				7290CDB32AF31AC000B4B50C /* Frameworks */,
				7290CDB42AF31AC000B4B50C /* Resources */,
			);
			buildRules = (
			);
			dependencies = (
			);
			name = pg3;
			productName = pg3;
			productReference = 7290CDB62AF31AC000B4B50C /* pg3.app */;
			productType = "com.apple.product-type.application";
		};
/* End PBXNativeTarget section */

/* Begin PBXProject section */
		7290CDAE2AF31AC000B4B50C /* Project object */ = {
			isa = PBXProject;
			attributes = {
				BuildIndependentTargetsInParallel = 1;
				LastSwiftUpdateCheck = 1500;
				LastUpgradeCheck = 1500;
				TargetAttributes = {
					7290CDB52AF31AC000B4B50C = {
						CreatedOnToolsVersion = 15.0;
					};
				};
			};
			buildConfigurationList = 7290CDB12AF31AC000B4B50C /* Build configuration list for PBXProject "pg3" */;
			compatibilityVersion = "Xcode 14.0";
			developmentRegion = en;
			hasScannedForEncodings = 0;
			knownRegions = (
				en,
				Base,
			);
			mainGroup = 7290CDAD2AF31AC000B4B50C;
			productRefGroup = 7290CDB72AF31AC000B4B50C /* Products */;
			projectDirPath = "";
			projectRoot = "";
			targets = (
				7290CDB52AF31AC000B4B50C /* pg3 */,
			);
		};
/* End PBXProject section */

/* Begin PBXResourcesBuildPhase section */
		7290CDB42AF31AC000B4B50C /* Resources */ = {
			isa = PBXResourcesBuildPhase;
			buildActionMask = 2147483647;
			files = (
				7290CDC42AF31AC100B4B50C /* Assets.xcassets in Resources */,
				7290CDC72AF31AC100B4B50C /* Main.storyboard in Resources */,
			);
			runOnlyForDeploymentPostprocessing = 0;
		};
/* End PBXResourcesBuildPhase section */

/* Begin PBXSourcesBuildPhase section */
		7290CDB22AF31AC000B4B50C /* Sources */ = {
			isa = PBXSourcesBuildPhase;
			buildActionMask = 2147483647;
			files = (
				7290CDC22AF31AC000B4B50C /* ViewController.swift in Sources */,
				7290CDC02AF31AC000B4B50C /* GameScene.swift in Sources */,
				7290CDBA2AF31AC000B4B50C /* AppDelegate.swift in Sources */,
			);
			runOnlyForDeploymentPostprocessing = 0;
		};
/* End PBXSourcesBuildPhase section */

/* Begin PBXVariantGroup section */
		7290CDC52AF31AC100B4B50C /* Main.storyboard */ = {
			isa = PBXVariantGroup;
			children = (
				7290CDC62AF31AC100B4B50C /* Base */,
			);
			name = Main.storyboard;
			sourceTree = "<group>";
		};
/* End PBXVariantGroup section */

/* Begin XCBuildConfiguration section */
		7290CDC92AF31AC100B4B50C /* Debug */ = {
			isa = XCBuildConfiguration;
			buildSettings = {
				ALWAYS_SEARCH_USER_PATHS = NO;
				ASSETCATALOG_COMPILER_GENERATE_SWIFT_ASSET_SYMBOL_EXTENSIONS = YES;
				CLANG_ANALYZER_NONNULL = YES;
				CLANG_ANALYZER_NUMBER_OBJECT_CONVERSION = YES_AGGRESSIVE;
				CLANG_CXX_LANGUAGE_STANDARD = "gnu++20";
				CLANG_ENABLE_MODULES = YES;
				CLANG_ENABLE_OBJC_ARC = YES;
				CLANG_ENABLE_OBJC_WEAK = YES;
				CLANG_WARN_BLOCK_CAPTURE_AUTORELEASING = YES;
				CLANG_WARN_BOOL_CONVERSION = YES;
				CLANG_WARN_COMMA = YES;
				CLANG_WARN_CONSTANT_CONVERSION = YES;
				CLANG_WARN_DEPRECATED_OBJC_IMPLEMENTATIONS = YES;
				CLANG_WARN_DIRECT_OBJC_ISA_USAGE = YES_ERROR;
				CLANG_WARN_DOCUMENTATION_COMMENTS = YES;
				CLANG_WARN_EMPTY_BODY = YES;
				CLANG_WARN_ENUM_CONVERSION = YES;
				CLANG_WARN_INFINITE_RECURSION = YES;
				CLANG_WARN_INT_CONVERSION = YES;
				CLANG_WARN_NON_LITERAL_NULL_CONVERSION = YES;
				CLANG_WARN_OBJC_IMPLICIT_RETAIN_SELF = YES;
				CLANG_WARN_OBJC_LITERAL_CONVERSION = YES;
				CLANG_WARN_OBJC_ROOT_CLASS = YES_ERROR;
				CLANG_WARN_QUOTED_INCLUDE_IN_FRAMEWORK_HEADER = YES;
				CLANG_WARN_RANGE_LOOP_ANALYSIS = YES;
				CLANG_WARN_STRICT_PROTOTYPES = YES;
				CLANG_WARN_SUSPICIOUS_MOVE = YES;
				CLANG_WARN_UNGUARDED_AVAILABILITY = YES_AGGRESSIVE;
				CLANG_WARN_UNREACHABLE_CODE = YES;
				CLANG_WARN__DUPLICATE_METHOD_MATCH = YES;
				COPY_PHASE_STRIP = NO;
				DEBUG_INFORMATION_FORMAT = dwarf;
				ENABLE_STRICT_OBJC_MSGSEND = YES;
				ENABLE_TESTABILITY = YES;
				ENABLE_USER_SCRIPT_SANDBOXING = YES;
				GCC_C_LANGUAGE_STANDARD = gnu17;
				GCC_DYNAMIC_NO_PIC = NO;
				GCC_NO_COMMON_BLOCKS = YES;
				GCC_OPTIMIZATION_LEVEL = 0;
				GCC_PREPROCESSOR_DEFINITIONS = (
					"DEBUG=1",
					"$(inherited)",
				);
				GCC_WARN_64_TO_32_BIT_CONVERSION = YES;
				GCC_WARN_ABOUT_RETURN_TYPE = YES_ERROR;
				GCC_WARN_UNDECLARED_SELECTOR = YES;
				GCC_WARN_UNINITIALIZED_AUTOS = YES_AGGRESSIVE;
				GCC_WARN_UNUSED_FUNCTION = YES;
				GCC_WARN_UNUSED_VARIABLE = YES;
				LOCALIZATION_PREFERS_STRING_CATALOGS = YES;
				MACOSX_DEPLOYMENT_TARGET = 14.0;
				MTL_ENABLE_DEBUG_INFO = INCLUDE_SOURCE;
				MTL_FAST_MATH = YES;
				ONLY_ACTIVE_ARCH = YES;
				SDKROOT = macosx;
				SWIFT_ACTIVE_COMPILATION_CONDITIONS = "DEBUG $(inherited)";
				SWIFT_OPTIMIZATION_LEVEL = "-Onone";
			};
			name = Debug;
		};
		7290CDCA2AF31AC100B4B50C /* Release */ = {
			isa = XCBuildConfiguration;
			buildSettings = {
				ALWAYS_SEARCH_USER_PATHS = NO;
				ASSETCATALOG_COMPILER_GENERATE_SWIFT_ASSET_SYMBOL_EXTENSIONS = YES;
				CLANG_ANALYZER_NONNULL = YES;
				CLANG_ANALYZER_NUMBER_OBJECT_CONVERSION = YES_AGGRESSIVE;
				CLANG_CXX_LANGUAGE_STANDARD = "gnu++20";
				CLANG_ENABLE_MODULES = YES;
				CLANG_ENABLE_OBJC_ARC = YES;
				CLANG_ENABLE_OBJC_WEAK = YES;
				CLANG_WARN_BLOCK_CAPTURE_AUTORELEASING = YES;
				CLANG_WARN_BOOL_CONVERSION = YES;
				CLANG_WARN_COMMA = YES;
				CLANG_WARN_CONSTANT_CONVERSION = YES;
				CLANG_WARN_DEPRECATED_OBJC_IMPLEMENTATIONS = YES;
				CLANG_WARN_DIRECT_OBJC_ISA_USAGE = YES_ERROR;
				CLANG_WARN_DOCUMENTATION_COMMENTS = YES;
				CLANG_WARN_EMPTY_BODY = YES;
				CLANG_WARN_ENUM_CONVERSION = YES;
				CLANG_WARN_INFINITE_RECURSION = YES;
				CLANG_WARN_INT_CONVERSION = YES;
				CLANG_WARN_NON_LITERAL_NULL_CONVERSION = YES;
				CLANG_WARN_OBJC_IMPLICIT_RETAIN_SELF = YES;
				CLANG_WARN_OBJC_LITERAL_CONVERSION = YES;
				CLANG_WARN_OBJC_ROOT_CLASS = YES_ERROR;
				CLANG_WARN_QUOTED_INCLUDE_IN_FRAMEWORK_HEADER = YES;
				CLANG_WARN_RANGE_LOOP_ANALYSIS = YES;
				CLANG_WARN_STRICT_PROTOTYPES = YES;
				CLANG_WARN_SUSPICIOUS_MOVE = YES;
				CLANG_WARN_UNGUARDED_AVAILABILITY = YES_AGGRESSIVE;
				CLANG_WARN_UNREACHABLE_CODE = YES;
				CLANG_WARN__DUPLICATE_METHOD_MATCH = YES;
				COPY_PHASE_STRIP = NO;
				DEBUG_INFORMATION_FORMAT = "dwarf-with-dsym";
				ENABLE_NS_ASSERTIONS = NO;
				ENABLE_STRICT_OBJC_MSGSEND = YES;
				ENABLE_USER_SCRIPT_SANDBOXING = YES;
				GCC_C_LANGUAGE_STANDARD = gnu17;
				GCC_NO_COMMON_BLOCKS = YES;
				GCC_WARN_64_TO_32_BIT_CONVERSION = YES;
				GCC_WARN_ABOUT_RETURN_TYPE = YES_ERROR;
				GCC_WARN_UNDECLARED_SELECTOR = YES;
				GCC_WARN_UNINITIALIZED_AUTOS = YES_AGGRESSIVE;
				GCC_WARN_UNUSED_FUNCTION = YES;
				GCC_WARN_UNUSED_VARIABLE = YES;
				LOCALIZATION_PREFERS_STRING_CATALOGS = YES;
				MACOSX_DEPLOYMENT_TARGET = 14.0;
				MTL_ENABLE_DEBUG_INFO = NO;
				MTL_FAST_MATH = YES;
				SDKROOT = macosx;
				SWIFT_COMPILATION_MODE = wholemodule;
			};
			name = Release;
		};
		7290CDCC2AF31AC100B4B50C /* Debug */ = {
			isa = XCBuildConfiguration;
			buildSettings = {
				ASSETCATALOG_COMPILER_APPICON_NAME = AppIcon;
				ASSETCATALOG_COMPILER_GLOBAL_ACCENT_COLOR_NAME = AccentColor;
				CODE_SIGN_ENTITLEMENTS = pg3/pg3.entitlements;
				CODE_SIGN_STYLE = Automatic;
				COMBINE_HIDPI_IMAGES = YES;
				CURRENT_PROJECT_VERSION = 1;
				DEVELOPMENT_TEAM = Z84M4MZYKF;
				ENABLE_HARDENED_RUNTIME = YES;
				GENERATE_INFOPLIST_FILE = YES;
				INFOPLIST_KEY_NSHumanReadableCopyright = "";
				INFOPLIST_KEY_NSMainStoryboardFile = Main;
				INFOPLIST_KEY_NSPrincipalClass = NSApplication;
				LD_RUNPATH_SEARCH_PATHS = (
					"$(inherited)",
					"@executable_path/../Frameworks",
				);
				MARKETING_VERSION = 1.0;
				PRODUCT_BUNDLE_IDENTIFIER = net.skink.pg3;
				PRODUCT_NAME = "$(TARGET_NAME)";
				SWIFT_EMIT_LOC_STRINGS = YES;
				SWIFT_VERSION = 5.0;
			};
			name = Debug;
		};
		7290CDCD2AF31AC100B4B50C /* Release */ = {
			isa = XCBuildConfiguration;
			buildSettings = {
				ASSETCATALOG_COMPILER_APPICON_NAME = AppIcon;
				ASSETCATALOG_COMPILER_GLOBAL_ACCENT_COLOR_NAME = AccentColor;
				CODE_SIGN_ENTITLEMENTS = pg3/pg3.entitlements;
				CODE_SIGN_STYLE = Automatic;
				COMBINE_HIDPI_IMAGES = YES;
				CURRENT_PROJECT_VERSION = 1;
				DEVELOPMENT_TEAM = Z84M4MZYKF;
				ENABLE_HARDENED_RUNTIME = YES;
				GENERATE_INFOPLIST_FILE = YES;
				INFOPLIST_KEY_NSHumanReadableCopyright = "";
				INFOPLIST_KEY_NSMainStoryboardFile = Main;
				INFOPLIST_KEY_NSPrincipalClass = NSApplication;
				LD_RUNPATH_SEARCH_PATHS = (
					"$(inherited)",
					"@executable_path/../Frameworks",
				);
				MARKETING_VERSION = 1.0;
				PRODUCT_BUNDLE_IDENTIFIER = net.skink.pg3;
				PRODUCT_NAME = "$(TARGET_NAME)";
				SWIFT_EMIT_LOC_STRINGS = YES;
				SWIFT_VERSION = 5.0;
			};
			name = Release;
		};
/* End XCBuildConfiguration section */

/* Begin XCConfigurationList section */
		7290CDB12AF31AC000B4B50C /* Build configuration list for PBXProject "pg3" */ = {
			isa = XCConfigurationList;
			buildConfigurations = (
				7290CDC92AF31AC100B4B50C /* Debug */,
				7290CDCA2AF31AC100B4B50C /* Release */,
			);
			defaultConfigurationIsVisible = 0;
			defaultConfigurationName = Release;
		};
		7290CDCB2AF31AC100B4B50C /* Build configuration list for PBXNativeTarget "pg3" */ = {
			isa = XCConfigurationList;
			buildConfigurations = (
				7290CDCC2AF31AC100B4B50C /* Debug */,
				7290CDCD2AF31AC100B4B50C /* Release */,
			);
			defaultConfigurationIsVisible = 0;
			defaultConfigurationName = Release;
		};
/* End XCConfigurationList section */
	};
	rootObject = 7290CDAE2AF31AC000B4B50C /* Project object */;
}
